// !$*UTF8*$!
{
	archiveVersion = 1;
	classes = {
	};
	objectVersion = 50;
	objects = {

/* Begin PBXBuildFile section */
		186C68FD212F1A7800E18A7B /* PrevisionCell.swift in Sources */ = {isa = PBXBuildFile; fileRef = 186C68FC212F1A7800E18A7B /* PrevisionCell.swift */; };
		186C68FF212F1B8F00E18A7B /* DonneeUniqueCell.swift in Sources */ = {isa = PBXBuildFile; fileRef = 186C68FE212F1B8F00E18A7B /* DonneeUniqueCell.swift */; };
		186C6901212F22FE00E18A7B /* TableViewExtension.swift in Sources */ = {isa = PBXBuildFile; fileRef = 186C6900212F22FE00E18A7B /* TableViewExtension.swift */; };
		18CE21E7210B54A700E6655B /* AppDelegate.swift in Sources */ = {isa = PBXBuildFile; fileRef = 18CE21E6210B54A700E6655B /* AppDelegate.swift */; };
		18CE21EC210B54A700E6655B /* Main.storyboard in Resources */ = {isa = PBXBuildFile; fileRef = 18CE21EA210B54A700E6655B /* Main.storyboard */; };
		18CE21EE210B54A900E6655B /* Assets.xcassets in Resources */ = {isa = PBXBuildFile; fileRef = 18CE21ED210B54A900E6655B /* Assets.xcassets */; };
		18CE21F1210B54A900E6655B /* LaunchScreen.storyboard in Resources */ = {isa = PBXBuildFile; fileRef = 18CE21EF210B54A900E6655B /* LaunchScreen.storyboard */; };
		18CE21FD210B555A00E6655B /* MeteoController.swift in Sources */ = {isa = PBXBuildFile; fileRef = 18CE21FC210B555A00E6655B /* MeteoController.swift */; };
		18CE21FF210B578B00E6655B /* LocalisationExtension.swift in Sources */ = {isa = PBXBuildFile; fileRef = 18CE21FE210B578B00E6655B /* LocalisationExtension.swift */; };
		18DE2198210CFA6A0036B152 /* API.swift in Sources */ = {isa = PBXBuildFile; fileRef = 18DE2197210CFA6A0036B152 /* API.swift */; };
		18DE219A210D21AB0036B152 /* Prevision.swift in Sources */ = {isa = PBXBuildFile; fileRef = 18DE2199210D21AB0036B152 /* Prevision.swift */; };
		18EFD7272110C9DD00C09282 /* Extension.swift in Sources */ = {isa = PBXBuildFile; fileRef = 18EFD7262110C9DD00C09282 /* Extension.swift */; };
		18F1751C21126DF3008476A4 /* ImageDownloader.swift in Sources */ = {isa = PBXBuildFile; fileRef = 18F1751B21126DF3008476A4 /* ImageDownloader.swift */; };
		5FFBD919A03FD58D9ECCCC1F /* Pods_MeteoApp.framework in Frameworks */ = {isa = PBXBuildFile; fileRef = CD1F69D3B98588C09A5E7FCE /* Pods_MeteoApp.framework */; };
/* End PBXBuildFile section */

/* Begin PBXFileReference section */
		174E7EC2B976BEB682E3A226 /* Pods-MeteoApp.debug.xcconfig */ = {isa = PBXFileReference; includeInIndex = 1; lastKnownFileType = text.xcconfig; name = "Pods-MeteoApp.debug.xcconfig"; path = "Pods/Target Support Files/Pods-MeteoApp/Pods-MeteoApp.debug.xcconfig"; sourceTree = "<group>"; };
		186C68FC212F1A7800E18A7B /* PrevisionCell.swift */ = {isa = PBXFileReference; lastKnownFileType = sourcecode.swift; path = PrevisionCell.swift; sourceTree = "<group>"; };
		186C68FE212F1B8F00E18A7B /* DonneeUniqueCell.swift */ = {isa = PBXFileReference; lastKnownFileType = sourcecode.swift; path = DonneeUniqueCell.swift; sourceTree = "<group>"; };
		186C6900212F22FE00E18A7B /* TableViewExtension.swift */ = {isa = PBXFileReference; lastKnownFileType = sourcecode.swift; path = TableViewExtension.swift; sourceTree = "<group>"; };
		18CE21E3210B54A700E6655B /* MeteoApp.app */ = {isa = PBXFileReference; explicitFileType = wrapper.application; includeInIndex = 0; path = MeteoApp.app; sourceTree = BUILT_PRODUCTS_DIR; };
		18CE21E6210B54A700E6655B /* AppDelegate.swift */ = {isa = PBXFileReference; lastKnownFileType = sourcecode.swift; path = AppDelegate.swift; sourceTree = "<group>"; };
		18CE21EB210B54A700E6655B /* Base */ = {isa = PBXFileReference; lastKnownFileType = file.storyboard; name = Base; path = Base.lproj/Main.storyboard; sourceTree = "<group>"; };
		18CE21ED210B54A900E6655B /* Assets.xcassets */ = {isa = PBXFileReference; lastKnownFileType = folder.assetcatalog; path = Assets.xcassets; sourceTree = "<group>"; };
		18CE21F0210B54A900E6655B /* Base */ = {isa = PBXFileReference; lastKnownFileType = file.storyboard; name = Base; path = Base.lproj/LaunchScreen.storyboard; sourceTree = "<group>"; };
		18CE21F2210B54A900E6655B /* Info.plist */ = {isa = PBXFileReference; lastKnownFileType = text.plist.xml; path = Info.plist; sourceTree = "<group>"; };
		18CE21FC210B555A00E6655B /* MeteoController.swift */ = {isa = PBXFileReference; lastKnownFileType = sourcecode.swift; path = MeteoController.swift; sourceTree = "<group>"; };
		18CE21FE210B578B00E6655B /* LocalisationExtension.swift */ = {isa = PBXFileReference; lastKnownFileType = sourcecode.swift; path = LocalisationExtension.swift; sourceTree = "<group>"; };
		18DE2197210CFA6A0036B152 /* API.swift */ = {isa = PBXFileReference; lastKnownFileType = sourcecode.swift; path = API.swift; sourceTree = "<group>"; };
		18DE2199210D21AB0036B152 /* Prevision.swift */ = {isa = PBXFileReference; lastKnownFileType = sourcecode.swift; path = Prevision.swift; sourceTree = "<group>"; };
		18EFD7262110C9DD00C09282 /* Extension.swift */ = {isa = PBXFileReference; lastKnownFileType = sourcecode.swift; path = Extension.swift; sourceTree = "<group>"; };
		18F1751B21126DF3008476A4 /* ImageDownloader.swift */ = {isa = PBXFileReference; lastKnownFileType = sourcecode.swift; path = ImageDownloader.swift; sourceTree = "<group>"; };
		6F2CDDCD93C3C7B155386BDF /* Pods-MeteoApp.release.xcconfig */ = {isa = PBXFileReference; includeInIndex = 1; lastKnownFileType = text.xcconfig; name = "Pods-MeteoApp.release.xcconfig"; path = "Pods/Target Support Files/Pods-MeteoApp/Pods-MeteoApp.release.xcconfig"; sourceTree = "<group>"; };
		CD1F69D3B98588C09A5E7FCE /* Pods_MeteoApp.framework */ = {isa = PBXFileReference; explicitFileType = wrapper.framework; includeInIndex = 0; path = Pods_MeteoApp.framework; sourceTree = BUILT_PRODUCTS_DIR; };
/* End PBXFileReference section */

/* Begin PBXFrameworksBuildPhase section */
		18CE21E0210B54A700E6655B /* Frameworks */ = {
			isa = PBXFrameworksBuildPhase;
			buildActionMask = 2147483647;
			files = (
				5FFBD919A03FD58D9ECCCC1F /* Pods_MeteoApp.framework in Frameworks */,
			);
			runOnlyForDeploymentPostprocessing = 0;
		};
/* End PBXFrameworksBuildPhase section */

/* Begin PBXGroup section */
		18CE21DA210B54A700E6655B = {
			isa = PBXGroup;
			children = (
				18CE21E5210B54A700E6655B /* MeteoApp */,
				18CE21E4210B54A700E6655B /* Products */,
				B0BBFC66D02C667EC5438FA5 /* Pods */,
				FDD22A1C72433188C2F67CAC /* Frameworks */,
			);
			sourceTree = "<group>";
		};
		18CE21E4210B54A700E6655B /* Products */ = {
			isa = PBXGroup;
			children = (
				18CE21E3210B54A700E6655B /* MeteoApp.app */,
			);
			name = Products;
			sourceTree = "<group>";
		};
		18CE21E5210B54A700E6655B /* MeteoApp */ = {
			isa = PBXGroup;
			children = (
				18DE2196210CFA4A0036B152 /* Ressources */,
				18CE21FA210B54F600E6655B /* model */,
				18CE21F9210B54EB00E6655B /* view */,
				18CE21F8210B54DC00E6655B /* controller */,
				18CE21E6210B54A700E6655B /* AppDelegate.swift */,
				18CE21ED210B54A900E6655B /* Assets.xcassets */,
				18CE21FB210B54FF00E6655B /* storyboards */,
				18CE21F2210B54A900E6655B /* Info.plist */,
			);
			path = MeteoApp;
			sourceTree = "<group>";
		};
		18CE21F8210B54DC00E6655B /* controller */ = {
			isa = PBXGroup;
			children = (
				18CE21FC210B555A00E6655B /* MeteoController.swift */,
				18CE21FE210B578B00E6655B /* LocalisationExtension.swift */,
				186C6900212F22FE00E18A7B /* TableViewExtension.swift */,
			);
			path = controller;
			sourceTree = "<group>";
		};
		18CE21F9210B54EB00E6655B /* view */ = {
			isa = PBXGroup;
			children = (
				186C68FC212F1A7800E18A7B /* PrevisionCell.swift */,
				186C68FE212F1B8F00E18A7B /* DonneeUniqueCell.swift */,
			);
			path = view;
			sourceTree = "<group>";
		};
		18CE21FA210B54F600E6655B /* model */ = {
			isa = PBXGroup;
			children = (
				18DE2199210D21AB0036B152 /* Prevision.swift */,
				18EFD7262110C9DD00C09282 /* Extension.swift */,
				18F1751B21126DF3008476A4 /* ImageDownloader.swift */,
			);
			path = model;
			sourceTree = "<group>";
		};
		18CE21FB210B54FF00E6655B /* storyboards */ = {
			isa = PBXGroup;
			children = (
				18CE21EA210B54A700E6655B /* Main.storyboard */,
				18CE21EF210B54A900E6655B /* LaunchScreen.storyboard */,
			);
			path = storyboards;
			sourceTree = "<group>";
		};
		18DE2196210CFA4A0036B152 /* Ressources */ = {
			isa = PBXGroup;
			children = (
				18DE2197210CFA6A0036B152 /* API.swift */,
			);
			path = Ressources;
			sourceTree = "<group>";
		};
		B0BBFC66D02C667EC5438FA5 /* Pods */ = {
			isa = PBXGroup;
			children = (
				174E7EC2B976BEB682E3A226 /* Pods-MeteoApp.debug.xcconfig */,
				6F2CDDCD93C3C7B155386BDF /* Pods-MeteoApp.release.xcconfig */,
			);
			name = Pods;
			sourceTree = "<group>";
		};
		FDD22A1C72433188C2F67CAC /* Frameworks */ = {
			isa = PBXGroup;
			children = (
				CD1F69D3B98588C09A5E7FCE /* Pods_MeteoApp.framework */,
			);
			name = Frameworks;
			sourceTree = "<group>";
		};
/* End PBXGroup section */

/* Begin PBXNativeTarget section */
		18CE21E2210B54A700E6655B /* MeteoApp */ = {
			isa = PBXNativeTarget;
			buildConfigurationList = 18CE21F5210B54A900E6655B /* Build configuration list for PBXNativeTarget "MeteoApp" */;
			buildPhases = (
				F3372DC3A797019BE76B27B7 /* [CP] Check Pods Manifest.lock */,
				18CE21DF210B54A700E6655B /* Sources */,
				18CE21E0210B54A700E6655B /* Frameworks */,
				18CE21E1210B54A700E6655B /* Resources */,
				40F7B842C5675DE5D981D642 /* [CP] Embed Pods Frameworks */,
			);
			buildRules = (
			);
			dependencies = (
			);
			name = MeteoApp;
			productName = MeteoApp;
			productReference = 18CE21E3210B54A700E6655B /* MeteoApp.app */;
			productType = "com.apple.product-type.application";
		};
/* End PBXNativeTarget section */

/* Begin PBXProject section */
		18CE21DB210B54A700E6655B /* Project object */ = {
			isa = PBXProject;
			attributes = {
				LastSwiftUpdateCheck = 0940;
				LastUpgradeCheck = 0940;
				ORGANIZATIONNAME = "MAC-Anas";
				TargetAttributes = {
					18CE21E2210B54A700E6655B = {
						CreatedOnToolsVersion = 9.4.1;
					};
				};
			};
			buildConfigurationList = 18CE21DE210B54A700E6655B /* Build configuration list for PBXProject "MeteoApp" */;
			compatibilityVersion = "Xcode 9.3";
			developmentRegion = en;
			hasScannedForEncodings = 0;
			knownRegions = (
				en,
				Base,
			);
			mainGroup = 18CE21DA210B54A700E6655B;
			productRefGroup = 18CE21E4210B54A700E6655B /* Products */;
			projectDirPath = "";
			projectRoot = "";
			targets = (
				18CE21E2210B54A700E6655B /* MeteoApp */,
			);
		};
/* End PBXProject section */

/* Begin PBXResourcesBuildPhase section */
		18CE21E1210B54A700E6655B /* Resources */ = {
			isa = PBXResourcesBuildPhase;
			buildActionMask = 2147483647;
			files = (
				18CE21F1210B54A900E6655B /* LaunchScreen.storyboard in Resources */,
				18CE21EE210B54A900E6655B /* Assets.xcassets in Resources */,
				18CE21EC210B54A700E6655B /* Main.storyboard in Resources */,
			);
			runOnlyForDeploymentPostprocessing = 0;
		};
/* End PBXResourcesBuildPhase section */

/* Begin PBXShellScriptBuildPhase section */
		40F7B842C5675DE5D981D642 /* [CP] Embed Pods Frameworks */ = {
			isa = PBXShellScriptBuildPhase;
			buildActionMask = 2147483647;
			files = (
			);
			inputPaths = (
				"${SRCROOT}/Pods/Target Support Files/Pods-MeteoApp/Pods-MeteoApp-frameworks.sh",
				"${BUILT_PRODUCTS_DIR}/Alamofire/Alamofire.framework",
			);
			name = "[CP] Embed Pods Frameworks";
			outputPaths = (
				"${TARGET_BUILD_DIR}/${FRAMEWORKS_FOLDER_PATH}/Alamofire.framework",
			);
			runOnlyForDeploymentPostprocessing = 0;
			shellPath = /bin/sh;
			shellScript = "\"${SRCROOT}/Pods/Target Support Files/Pods-MeteoApp/Pods-MeteoApp-frameworks.sh\"\n";
			showEnvVarsInLog = 0;
		};
		F3372DC3A797019BE76B27B7 /* [CP] Check Pods Manifest.lock */ = {
			isa = PBXShellScriptBuildPhase;
			buildActionMask = 2147483647;
			files = (
			);
			inputPaths = (
				"${PODS_PODFILE_DIR_PATH}/Podfile.lock",
				"${PODS_ROOT}/Manifest.lock",
			);
			name = "[CP] Check Pods Manifest.lock";
			outputPaths = (
				"$(DERIVED_FILE_DIR)/Pods-MeteoApp-checkManifestLockResult.txt",
			);
			runOnlyForDeploymentPostprocessing = 0;
			shellPath = /bin/sh;
			shellScript = "diff \"${PODS_PODFILE_DIR_PATH}/Podfile.lock\" \"${PODS_ROOT}/Manifest.lock\" > /dev/null\nif [ $? != 0 ] ; then\n    # print error to STDERR\n    echo \"error: The sandbox is not in sync with the Podfile.lock. Run 'pod install' or update your CocoaPods installation.\" >&2\n    exit 1\nfi\n# This output is used by Xcode 'outputs' to avoid re-running this script phase.\necho \"SUCCESS\" > \"${SCRIPT_OUTPUT_FILE_0}\"\n";
			showEnvVarsInLog = 0;
		};
/* End PBXShellScriptBuildPhase section */

/* Begin PBXSourcesBuildPhase section */
		18CE21DF210B54A700E6655B /* Sources */ = {
			isa = PBXSourcesBuildPhase;
			buildActionMask = 2147483647;
			files = (
				18CE21FF210B578B00E6655B /* LocalisationExtension.swift in Sources */,
				186C68FF212F1B8F00E18A7B /* DonneeUniqueCell.swift in Sources */,
				18CE21FD210B555A00E6655B /* MeteoController.swift in Sources */,
				18F1751C21126DF3008476A4 /* ImageDownloader.swift in Sources */,
				18DE219A210D21AB0036B152 /* Prevision.swift in Sources */,
				18EFD7272110C9DD00C09282 /* Extension.swift in Sources */,
				186C68FD212F1A7800E18A7B /* PrevisionCell.swift in Sources */,
				18DE2198210CFA6A0036B152 /* API.swift in Sources */,
				18CE21E7210B54A700E6655B /* AppDelegate.swift in Sources */,
				186C6901212F22FE00E18A7B /* TableViewExtension.swift in Sources */,
			);
			runOnlyForDeploymentPostprocessing = 0;
		};
/* End PBXSourcesBuildPhase section */

/* Begin PBXVariantGroup section */
		18CE21EA210B54A700E6655B /* Main.storyboard */ = {
			isa = PBXVariantGroup;
			children = (
				18CE21EB210B54A700E6655B /* Base */,
			);
			name = Main.storyboard;
			sourceTree = "<group>";
		};
		18CE21EF210B54A900E6655B /* LaunchScreen.storyboard */ = {
			isa = PBXVariantGroup;
			children = (
				18CE21F0210B54A900E6655B /* Base */,
			);
			name = LaunchScreen.storyboard;
			sourceTree = "<group>";
		};
/* End PBXVariantGroup section */

/* Begin XCBuildConfiguration section */
		18CE21F3210B54A900E6655B /* Debug */ = {
			isa = XCBuildConfiguration;
			buildSettings = {
				ALWAYS_SEARCH_USER_PATHS = NO;
				CLANG_ANALYZER_NONNULL = YES;
				CLANG_ANALYZER_NUMBER_OBJECT_CONVERSION = YES_AGGRESSIVE;
				CLANG_CXX_LANGUAGE_STANDARD = "gnu++14";
				CLANG_CXX_LIBRARY = "libc++";
				CLANG_ENABLE_MODULES = YES;
				CLANG_ENABLE_OBJC_ARC = YES;
				CLANG_ENABLE_OBJC_WEAK = YES;
				CLANG_WARN_BLOCK_CAPTURE_AUTORELEASING = YES;
				CLANG_WARN_BOOL_CONVERSION = YES;
				CLANG_WARN_COMMA = YES;
				CLANG_WARN_CONSTANT_CONVERSION = YES;
				CLANG_WARN_DEPRECATED_OBJC_IMPLEMENTATIONS = YES;
				CLANG_WARN_DIRECT_OBJC_ISA_USAGE = YES_ERROR;
				CLANG_WARN_DOCUMENTATION_COMMENTS = YES;
				CLANG_WARN_EMPTY_BODY = YES;
				CLANG_WARN_ENUM_CONVERSION = YES;
				CLANG_WARN_INFINITE_RECURSION = YES;
				CLANG_WARN_INT_CONVERSION = YES;
				CLANG_WARN_NON_LITERAL_NULL_CONVERSION = YES;
				CLANG_WARN_OBJC_IMPLICIT_RETAIN_SELF = YES;
				CLANG_WARN_OBJC_LITERAL_CONVERSION = YES;
				CLANG_WARN_OBJC_ROOT_CLASS = YES_ERROR;
				CLANG_WARN_RANGE_LOOP_ANALYSIS = YES;
				CLANG_WARN_STRICT_PROTOTYPES = YES;
				CLANG_WARN_SUSPICIOUS_MOVE = YES;
				CLANG_WARN_UNGUARDED_AVAILABILITY = YES_AGGRESSIVE;
				CLANG_WARN_UNREACHABLE_CODE = YES;
				CLANG_WARN__DUPLICATE_METHOD_MATCH = YES;
				CODE_SIGN_IDENTITY = "iPhone Developer";
				COPY_PHASE_STRIP = NO;
				DEBUG_INFORMATION_FORMAT = dwarf;
				ENABLE_STRICT_OBJC_MSGSEND = YES;
				ENABLE_TESTABILITY = YES;
				GCC_C_LANGUAGE_STANDARD = gnu11;
				GCC_DYNAMIC_NO_PIC = NO;
				GCC_NO_COMMON_BLOCKS = YES;
				GCC_OPTIMIZATION_LEVEL = 0;
				GCC_PREPROCESSOR_DEFINITIONS = (
					"DEBUG=1",
					"$(inherited)",
				);
				GCC_WARN_64_TO_32_BIT_CONVERSION = YES;
				GCC_WARN_ABOUT_RETURN_TYPE = YES_ERROR;
				GCC_WARN_UNDECLARED_SELECTOR = YES;
				GCC_WARN_UNINITIALIZED_AUTOS = YES_AGGRESSIVE;
				GCC_WARN_UNUSED_FUNCTION = YES;
				GCC_WARN_UNUSED_VARIABLE = YES;
				IPHONEOS_DEPLOYMENT_TARGET = 11.4;
				MTL_ENABLE_DEBUG_INFO = YES;
				ONLY_ACTIVE_ARCH = YES;
				SDKROOT = iphoneos;
				SWIFT_ACTIVE_COMPILATION_CONDITIONS = DEBUG;
				SWIFT_OPTIMIZATION_LEVEL = "-Onone";
			};
			name = Debug;
		};
		18CE21F4210B54A900E6655B /* Release */ = {
			isa = XCBuildConfiguration;
			buildSettings = {
				ALWAYS_SEARCH_USER_PATHS = NO;
				CLANG_ANALYZER_NONNULL = YES;
				CLANG_ANALYZER_NUMBER_OBJECT_CONVERSION = YES_AGGRESSIVE;
				CLANG_CXX_LANGUAGE_STANDARD = "gnu++14";
				CLANG_CXX_LIBRARY = "libc++";
				CLANG_ENABLE_MODULES = YES;
				CLANG_ENABLE_OBJC_ARC = YES;
				CLANG_ENABLE_OBJC_WEAK = YES;
				CLANG_WARN_BLOCK_CAPTURE_AUTORELEASING = YES;
				CLANG_WARN_BOOL_CONVERSION = YES;
				CLANG_WARN_COMMA = YES;
				CLANG_WARN_CONSTANT_CONVERSION = YES;
				CLANG_WARN_DEPRECATED_OBJC_IMPLEMENTATIONS = YES;
				CLANG_WARN_DIRECT_OBJC_ISA_USAGE = YES_ERROR;
				CLANG_WARN_DOCUMENTATION_COMMENTS = YES;
				CLANG_WARN_EMPTY_BODY = YES;
				CLANG_WARN_ENUM_CONVERSION = YES;
				CLANG_WARN_INFINITE_RECURSION = YES;
				CLANG_WARN_INT_CONVERSION = YES;
				CLANG_WARN_NON_LITERAL_NULL_CONVERSION = YES;
				CLANG_WARN_OBJC_IMPLICIT_RETAIN_SELF = YES;
				CLANG_WARN_OBJC_LITERAL_CONVERSION = YES;
				CLANG_WARN_OBJC_ROOT_CLASS = YES_ERROR;
				CLANG_WARN_RANGE_LOOP_ANALYSIS = YES;
				CLANG_WARN_STRICT_PROTOTYPES = YES;
				CLANG_WARN_SUSPICIOUS_MOVE = YES;
				CLANG_WARN_UNGUARDED_AVAILABILITY = YES_AGGRESSIVE;
				CLANG_WARN_UNREACHABLE_CODE = YES;
				CLANG_WARN__DUPLICATE_METHOD_MATCH = YES;
				CODE_SIGN_IDENTITY = "iPhone Developer";
				COPY_PHASE_STRIP = NO;
				DEBUG_INFORMATION_FORMAT = "dwarf-with-dsym";
				ENABLE_NS_ASSERTIONS = NO;
				ENABLE_STRICT_OBJC_MSGSEND = YES;
				GCC_C_LANGUAGE_STANDARD = gnu11;
				GCC_NO_COMMON_BLOCKS = YES;
				GCC_WARN_64_TO_32_BIT_CONVERSION = YES;
				GCC_WARN_ABOUT_RETURN_TYPE = YES_ERROR;
				GCC_WARN_UNDECLARED_SELECTOR = YES;
				GCC_WARN_UNINITIALIZED_AUTOS = YES_AGGRESSIVE;
				GCC_WARN_UNUSED_FUNCTION = YES;
				GCC_WARN_UNUSED_VARIABLE = YES;
				IPHONEOS_DEPLOYMENT_TARGET = 11.4;
				MTL_ENABLE_DEBUG_INFO = NO;
				SDKROOT = iphoneos;
				SWIFT_COMPILATION_MODE = wholemodule;
				SWIFT_OPTIMIZATION_LEVEL = "-O";
				VALIDATE_PRODUCT = YES;
			};
			name = Release;
		};
		18CE21F6210B54A900E6655B /* Debug */ = {
			isa = XCBuildConfiguration;
			baseConfigurationReference = 174E7EC2B976BEB682E3A226 /* Pods-MeteoApp.debug.xcconfig */;
			buildSettings = {
				ASSETCATALOG_COMPILER_APPICON_NAME = AppIcon;
				CODE_SIGN_STYLE = Automatic;
				DEVELOPMENT_TEAM = "";
				INFOPLIST_FILE = MeteoApp/Info.plist;
				LD_RUNPATH_SEARCH_PATHS = (
					"$(inherited)",
					"@executable_path/Frameworks",
				);
				PRODUCT_BUNDLE_IDENTIFIER = com.riahi.MeteoApp;
				PRODUCT_NAME = "$(TARGET_NAME)";
				SWIFT_VERSION = 4.0;
				TARGETED_DEVICE_FAMILY = "1,2";
			};
			name = Debug;
		};
		18CE21F7210B54A900E6655B /* Release */ = {
			isa = XCBuildConfiguration;
			baseConfigurationReference = 6F2CDDCD93C3C7B155386BDF /* Pods-MeteoApp.release.xcconfig */;
			buildSettings = {
				ASSETCATALOG_COMPILER_APPICON_NAME = AppIcon;
				CODE_SIGN_STYLE = Automatic;
				DEVELOPMENT_TEAM = "";
				INFOPLIST_FILE = MeteoApp/Info.plist;
				LD_RUNPATH_SEARCH_PATHS = (
					"$(inherited)",
					"@executable_path/Frameworks",
				);
				PRODUCT_BUNDLE_IDENTIFIER = com.riahi.MeteoApp;
				PRODUCT_NAME = "$(TARGET_NAME)";
				SWIFT_VERSION = 4.0;
				TARGETED_DEVICE_FAMILY = "1,2";
			};
			name = Release;
		};
/* End XCBuildConfiguration section */

/* Begin XCConfigurationList section */
		18CE21DE210B54A700E6655B /* Build configuration list for PBXProject "MeteoApp" */ = {
			isa = XCConfigurationList;
			buildConfigurations = (
				18CE21F3210B54A900E6655B /* Debug */,
				18CE21F4210B54A900E6655B /* Release */,
			);
			defaultConfigurationIsVisible = 0;
			defaultConfigurationName = Release;
		};
		18CE21F5210B54A900E6655B /* Build configuration list for PBXNativeTarget "MeteoApp" */ = {
			isa = XCConfigurationList;
			buildConfigurations = (
				18CE21F6210B54A900E6655B /* Debug */,
				18CE21F7210B54A900E6655B /* Release */,
			);
			defaultConfigurationIsVisible = 0;
			defaultConfigurationName = Release;
		};
/* End XCConfigurationList section */
	};
	rootObject = 18CE21DB210B54A700E6655B /* Project object */;
}
